
Microsoft Visual Studio Solution File, Format Version 12.00
# Visual Studio Version 16
VisualStudioVersion = 16.0.35706.149
MinimumVisualStudioVersion = 10.0.40219.1
Project("{FAE04EC0-301F-11D3-BF4B-00C04F79EFBC}") = "Smart_KItchen_AND_Stores", "Smart_KItchen_AND_Stores\Smart_KItchen_AND_Stores.csproj", "{750F7CFB-A0A3-4B98-8EDF-76C1386CE936}"
EndProject
Global
	GlobalSection(SolutionConfigurationPlatforms) = preSolution
		Debug|Any CPU = Debug|Any CPU
		Release|Any CPU = Release|Any CPU
	EndGlobalSection
	GlobalSection(ProjectConfigurationPlatforms) = postSolution
		{750F7CFB-A0A3-4B98-8EDF-76C1386CE936}.Debug|Any CPU.ActiveCfg = Debug|Any CPU
		{750F7CFB-A0A3-4B98-8EDF-76C1386CE936}.Debug|Any CPU.Build.0 = Debug|Any CPU
		{750F7CFB-A0A3-4B98-8EDF-76C1386CE936}.Release|Any CPU.ActiveCfg = Release|Any CPU
		{750F7CFB-A0A3-4B98-8EDF-76C1386CE936}.Release|Any CPU.Build.0 = Release|Any CPU
	EndGlobalSection
	GlobalSection(SolutionProperties) = preSolution
		HideSolutionNode = FALSE
	EndGlobalSection
	GlobalSection(ExtensibilityGlobals) = postSolution
		SolutionGuid = {1AC17271-44AA-49E7-98FA-C5539A2F3422}
	EndGlobalSection
EndGlobal
